
Microsoft Visual Studio Solution File, Format Version 12.00
# Visual Studio Version 17
VisualStudioVersion = 17.7.34202.233
MinimumVisualStudioVersion = 10.0.40219.1
Project("{FAE04EC0-301F-11D3-BF4B-00C04F79EFBC}") = "Lesson_3", "Lesson_3\Lesson_3.csproj", "{A7346EC0-3D93-4806-A849-A95870B402DB}"
EndProject
Global
	GlobalSection(SolutionConfigurationPlatforms) = preSolution
		Debug|Any CPU = Debug|Any CPU
		Release|Any CPU = Release|Any CPU
	EndGlobalSection
	GlobalSection(ProjectConfigurationPlatforms) = postSolution
		{A7346EC0-3D93-4806-A849-A95870B402DB}.Debug|Any CPU.ActiveCfg = Debug|Any CPU
		{A7346EC0-3D93-4806-A849-A95870B402DB}.Debug|Any CPU.Build.0 = Debug|Any CPU
		{A7346EC0-3D93-4806-A849-A95870B402DB}.Release|Any CPU.ActiveCfg = Release|Any CPU
		{A7346EC0-3D93-4806-A849-A95870B402DB}.Release|Any CPU.Build.0 = Release|Any CPU
	EndGlobalSection
	GlobalSection(SolutionProperties) = preSolution
		HideSolutionNode = FALSE
	EndGlobalSection
	GlobalSection(ExtensibilityGlobals) = postSolution
		SolutionGuid = {8015E316-B317-494D-A425-D1E77418F426}
	EndGlobalSection
EndGlobal
